
Microsoft Visual Studio Solution File, Format Version 12.00
# Visual Studio Version 17
VisualStudioVersion = 17.14.36414.22 d17.14
MinimumVisualStudioVersion = 10.0.40219.1
Project("{FAE04EC0-301F-11D3-BF4B-00C04F79EFBC}") = "Attempt", "src\Attempt\Attempt.csproj", "{FCBAF623-8B8A-4739-97D7-89CD9284FDF3}"
EndProject
Project("{FAE04EC0-301F-11D3-BF4B-00C04F79EFBC}") = "Console", "Sample\Console\Console.csproj", "{971535EB-F337-4BE9-9F61-76BFA635AC07}"
EndProject
Project("{FAE04EC0-301F-11D3-BF4B-00C04F79EFBC}") = "Attempt.Tests", "tests\Attempt.Tests\Attempt.Tests.csproj", "{0F576954-3088-473D-B46C-092F12AA5959}"
EndProject
Global
	GlobalSection(SolutionConfigurationPlatforms) = preSolution
		Debug|Any CPU = Debug|Any CPU
		Release|Any CPU = Release|Any CPU
	EndGlobalSection
	GlobalSection(ProjectConfigurationPlatforms) = postSolution
		{FCBAF623-8B8A-4739-97D7-89CD9284FDF3}.Debug|Any CPU.ActiveCfg = Debug|Any CPU
		{FCBAF623-8B8A-4739-97D7-89CD9284FDF3}.Debug|Any CPU.Build.0 = Debug|Any CPU
		{FCBAF623-8B8A-4739-97D7-89CD9284FDF3}.Release|Any CPU.ActiveCfg = Release|Any CPU
		{FCBAF623-8B8A-4739-97D7-89CD9284FDF3}.Release|Any CPU.Build.0 = Release|Any CPU
		{971535EB-F337-4BE9-9F61-76BFA635AC07}.Debug|Any CPU.ActiveCfg = Debug|Any CPU
		{971535EB-F337-4BE9-9F61-76BFA635AC07}.Debug|Any CPU.Build.0 = Debug|Any CPU
		{971535EB-F337-4BE9-9F61-76BFA635AC07}.Release|Any CPU.ActiveCfg = Release|Any CPU
		{971535EB-F337-4BE9-9F61-76BFA635AC07}.Release|Any CPU.Build.0 = Release|Any CPU
		{0F576954-3088-473D-B46C-092F12AA5959}.Debug|Any CPU.ActiveCfg = Debug|Any CPU
		{0F576954-3088-473D-B46C-092F12AA5959}.Debug|Any CPU.Build.0 = Debug|Any CPU
		{0F576954-3088-473D-B46C-092F12AA5959}.Release|Any CPU.ActiveCfg = Release|Any CPU
		{0F576954-3088-473D-B46C-092F12AA5959}.Release|Any CPU.Build.0 = Release|Any CPU
	EndGlobalSection
	GlobalSection(SolutionProperties) = preSolution
		HideSolutionNode = FALSE
	EndGlobalSection
	GlobalSection(ExtensibilityGlobals) = postSolution
		SolutionGuid = {D03F2DB0-BE32-4E03-853B-45CAA978A3B0}
	EndGlobalSection
EndGlobal
